# THIS IS AN AUTOGENERATED FILE. DO NOT EDIT THIS FILE DIRECTLY.
# yarn lockfile v1


"@apidevtools/json-schema-ref-parser@9.0.9":
  version "9.0.9"
  resolved "http://npmjs.kuaidizs.cn/@apidevtools%2fjson-schema-ref-parser/-/json-schema-ref-parser-9.0.9.tgz#d720f9256e3609621280584f2b47ae165359268b"
  integrity sha1-1yD5JW42CWISgFhPK0euFlNZJos=
  dependencies:
    "@jsdevtools/ono" "^7.1.3"
    "@types/json-schema" "^7.0.6"
    call-me-maybe "^1.0.1"
    js-yaml "^4.1.0"

"@jsdevtools/ono@^7.1.3":
  version "7.1.3"
  resolved "http://npmjs.kuaidizs.cn/@jsdevtools%2fono/-/ono-7.1.3.tgz#9df03bbd7c696a5c58885c34aa06da41c8543796"
  integrity sha1-nfA7vXxpalxYiFw0qgbaQchUN5Y=

"@types/glob@*":
  version "7.1.4"
  resolved "http://npmjs.kuaidizs.cn/@types%2fglob/-/glob-7.1.4.tgz#ea59e21d2ee5c517914cb4bc8e4153b99e566672"
  integrity sha1-6lniHS7lxReRTLS8jkFTuZ5WZnI=
  dependencies:
    "@types/minimatch" "*"
    "@types/node" "*"

"@types/json-schema@^7.0.6":
  version "7.0.9"
  resolved "http://npmjs.kuaidizs.cn/@types%2fjson-schema/-/json-schema-7.0.9.tgz#97edc9037ea0c38585320b28964dde3b39e4660d"
  integrity sha1-l+3JA36gw4WFMgsolk3eOznkZg0=

"@types/lodash@^4.14.168":
  version "4.14.172"
  resolved "http://npmjs.kuaidizs.cn/@types%2flodash/-/lodash-4.14.172.tgz#aad774c28e7bfd7a67de25408e03ee5a8c3d028a"
  integrity sha1-qtd0wo57/Xpn3iVAjgPuWow9Aoo=

"@types/minimatch@*":
  version "3.0.5"
  resolved "http://npmjs.kuaidizs.cn/@types%2fminimatch/-/minimatch-3.0.5.tgz#1001cc5e6a3704b83c236027e77f2f58ea010f40"
  integrity sha1-EAHMXmo3BLg8I2An538vWOoBD0A=

"@types/node@*":
  version "16.7.10"
  resolved "http://npmjs.kuaidizs.cn/@types%2fnode/-/node-16.7.10.tgz#7aa732cc47341c12a16b7d562f519c2383b6d4fc"
  integrity sha1-eqcyzEc0HBKha31WL1GcI4O21Pw=

"@types/prettier@^2.1.5":
  version "2.3.2"
  resolved "http://npmjs.kuaidizs.cn/@types%2fprettier/-/prettier-2.3.2.tgz#fc8c2825e4ed2142473b4a81064e6e081463d1b3"
  integrity sha1-/IwoJeTtIUJHO0qBBk5uCBRj0bM=

ansi-regex@^2.1.1:
  version "2.1.1"
  resolved "http://npmjs.kuaidizs.cn/ansi-regex/-/ansi-regex-2.1.1.tgz#c3b33ab5ee360d86e0e628f0468ae7ef27d654df"
  integrity sha1-w7M6te42DYbg5ijwRorn7yfWVN8=

any-promise@^1.0.0:
  version "1.3.0"
  resolved "http://npmjs.kuaidizs.cn/any-promise/-/any-promise-1.3.0.tgz#abc6afeedcea52e809cdc0376aed3ce39635d17f"
  integrity sha1-q8av7tzqUugJzcA3au0845Y10X8=

argparse@^2.0.1:
  version "2.0.1"
  resolved "http://npmjs.kuaidizs.cn/argparse/-/argparse-2.0.1.tgz#246f50f3ca78a3240f6c997e8a9bd1eac49e4b38"
  integrity sha1-JG9Q88p4oyQPbJl+ipvR6sSeSzg=

array-includes@^3.1.2, array-includes@^3.1.3:
  version "3.1.3"
  resolved "http://npmjs.kuaidizs.cn/array-includes/-/array-includes-3.1.3.tgz#c7f619b382ad2afaf5326cddfdc0afc61af7690a"
  integrity sha1-x/YZs4KtKvr1Mmzd/cCvxhr3aQo=
  dependencies:
    call-bind "^1.0.2"
    define-properties "^1.1.3"
    es-abstract "^1.18.0-next.2"
    get-intrinsic "^1.1.1"
    is-string "^1.0.5"

array.prototype.flatmap@^1.2.4:
  version "1.2.4"
  resolved "http://npmjs.kuaidizs.cn/array.prototype.flatmap/-/array.prototype.flatmap-1.2.4.tgz#94cfd47cc1556ec0747d97f7c7738c58122004c9"
  integrity sha1-lM/UfMFVbsB0fZf3x3OMWBIgBMk=
  dependencies:
    call-bind "^1.0.0"
    define-properties "^1.1.3"
    es-abstract "^1.18.0-next.1"
    function-bind "^1.1.1"

axios@^0.18.0:
  version "0.18.1"
  resolved "http://npmjs.kuaidizs.cn/axios/-/axios-0.18.1.tgz#ff3f0de2e7b5d180e757ad98000f1081b87bcea3"
  integrity sha1-/z8N4ue10YDnV62YAA8Qgbh7zqM=
  dependencies:
    follow-redirects "1.5.10"
    is-buffer "^2.0.2"

balanced-match@^1.0.0:
  version "1.0.2"
  resolved "http://npmjs.kuaidizs.cn/balanced-match/-/balanced-match-1.0.2.tgz#e83e3a7e3f300b34cb9d87f615fa0cbf357690ee"
  integrity sha1-6D46fj8wCzTLnYf2FfoMvzV2kO4=

brace-expansion@^1.1.7:
  version "1.1.11"
  resolved "http://npmjs.kuaidizs.cn/brace-expansion/-/brace-expansion-1.1.11.tgz#3c7fcbf529d87226f3d2f52b966ff5271eb441dd"
  integrity sha1-PH/L9SnYcibz0vUrlm/1Jx60Qd0=
  dependencies:
    balanced-match "^1.0.0"
    concat-map "0.0.1"

call-bind@^1.0.0, call-bind@^1.0.2:
  version "1.0.2"
  resolved "http://npmjs.kuaidizs.cn/call-bind/-/call-bind-1.0.2.tgz#b1d4e89e688119c3c9a903ad30abb2f6a919be3c"
  integrity sha1-sdTonmiBGcPJqQOtMKuy9qkZvjw=
  dependencies:
    function-bind "^1.1.1"
    get-intrinsic "^1.0.2"

call-me-maybe@^1.0.1:
  version "1.0.1"
  resolved "http://npmjs.kuaidizs.cn/call-me-maybe/-/call-me-maybe-1.0.1.tgz#26d208ea89e37b5cbde60250a15f031c16a4d66b"
  integrity sha1-JtII6onje1y95gJQoV8DHBak1ms=

cli-color@^2.0.0:
  version "2.0.0"
  resolved "http://npmjs.kuaidizs.cn/cli-color/-/cli-color-2.0.0.tgz#11ecfb58a79278cf6035a60c54e338f9d837897c"
  integrity sha1-Eez7WKeSeM9gNaYMVOM4+dg3iXw=
  dependencies:
    ansi-regex "^2.1.1"
    d "^1.0.1"
    es5-ext "^0.10.51"
    es6-iterator "^2.0.3"
    memoizee "^0.4.14"
    timers-ext "^0.1.7"

concat-map@0.0.1:
  version "0.0.1"
  resolved "http://npmjs.kuaidizs.cn/concat-map/-/concat-map-0.0.1.tgz#d8a96bd77fd68df7793a73036a3ba0d5405d477b"
  integrity sha1-2Klr13/Wjfd5OnMDajug1UBdR3s=

d@1, d@^1.0.1:
  version "1.0.1"
  resolved "http://npmjs.kuaidizs.cn/d/-/d-1.0.1.tgz#8698095372d58dbee346ffd0c7093f99f8f9eb5a"
  integrity sha1-hpgJU3LVjb7jRv/Qxwk/mfj561o=
  dependencies:
    es5-ext "^0.10.50"
    type "^1.0.1"

debug@=3.1.0:
  version "3.1.0"
  resolved "http://npmjs.kuaidizs.cn/debug/-/debug-3.1.0.tgz#5bb5a0672628b64149566ba16819e61518c67261"
  integrity sha1-W7WgZyYotkFJVmuhaBnmFRjGcmE=
  dependencies:
    ms "2.0.0"

define-properties@^1.1.3:
  version "1.1.3"
  resolved "http://npmjs.kuaidizs.cn/define-properties/-/define-properties-1.1.3.tgz#cf88da6cbee26fe6db7094f61d870cbd84cee9f1"
  integrity sha1-z4jabL7ib+bbcJT2HYcMvYTO6fE=
  dependencies:
    object-keys "^1.0.12"

doctrine@^2.1.0:
  version "2.1.0"
  resolved "http://npmjs.kuaidizs.cn/doctrine/-/doctrine-2.1.0.tgz#5cd01fc101621b42c4cd7f5d1a66243716d3f39d"
  integrity sha1-XNAfwQFiG0LEzX9dGmYkNxbT850=
  dependencies:
    esutils "^2.0.2"

downloadjs@^1.4.7:
  version "1.4.7"
  resolved "http://npmjs.kuaidizs.cn/downloadjs/-/downloadjs-1.4.7.tgz#f69f96f940e0d0553dac291139865a3cd0101e3c"
  integrity sha1-9p+W+UDg0FU9rCkROYZaPNAQHjw=

es-abstract@^1.18.0-next.1, es-abstract@^1.18.0-next.2, es-abstract@^1.18.2:
  version "1.18.5"
  resolved "http://npmjs.kuaidizs.cn/es-abstract/-/es-abstract-1.18.5.tgz#9b10de7d4c206a3581fd5b2124233e04db49ae19"
  integrity sha1-mxDefUwgajWB/VshJCM+BNtJrhk=
  dependencies:
    call-bind "^1.0.2"
    es-to-primitive "^1.2.1"
    function-bind "^1.1.1"
    get-intrinsic "^1.1.1"
    has "^1.0.3"
    has-symbols "^1.0.2"
    internal-slot "^1.0.3"
    is-callable "^1.2.3"
    is-negative-zero "^2.0.1"
    is-regex "^1.1.3"
    is-string "^1.0.6"
    object-inspect "^1.11.0"
    object-keys "^1.1.1"
    object.assign "^4.1.2"
    string.prototype.trimend "^1.0.4"
    string.prototype.trimstart "^1.0.4"
    unbox-primitive "^1.0.1"

es-to-primitive@^1.2.1:
  version "1.2.1"
  resolved "http://npmjs.kuaidizs.cn/es-to-primitive/-/es-to-primitive-1.2.1.tgz#e55cd4c9cdc188bcefb03b366c736323fc5c898a"
  integrity sha1-5VzUyc3BiLzvsDs2bHNjI/xciYo=
  dependencies:
    is-callable "^1.1.4"
    is-date-object "^1.0.1"
    is-symbol "^1.0.2"

es5-ext@^0.10.35, es5-ext@^0.10.46, es5-ext@^0.10.50, es5-ext@^0.10.51, es5-ext@^0.10.53, es5-ext@~0.10.14, es5-ext@~0.10.2, es5-ext@~0.10.46:
  version "0.10.53"
  resolved "http://npmjs.kuaidizs.cn/es5-ext/-/es5-ext-0.10.53.tgz#93c5a3acfdbef275220ad72644ad02ee18368de1"
  integrity sha1-k8WjrP2+8nUiCtcmRK0C7hg2jeE=
  dependencies:
    es6-iterator "~2.0.3"
    es6-symbol "~3.1.3"
    next-tick "~1.0.0"

es6-iterator@^2.0.3, es6-iterator@~2.0.3:
  version "2.0.3"
  resolved "http://npmjs.kuaidizs.cn/es6-iterator/-/es6-iterator-2.0.3.tgz#a7de889141a05a94b0854403b2d0a0fbfa98f3b7"
  integrity sha1-p96IkUGgWpSwhUQDstCg+/qY87c=
  dependencies:
    d "1"
    es5-ext "^0.10.35"
    es6-symbol "^3.1.1"

es6-symbol@^3.1.1, es6-symbol@~3.1.3:
  version "3.1.3"
  resolved "http://npmjs.kuaidizs.cn/es6-symbol/-/es6-symbol-3.1.3.tgz#bad5d3c1bcdac28269f4cb331e431c78ac705d18"
  integrity sha1-utXTwbzawoJp9MszHkMceKxwXRg=
  dependencies:
    d "^1.0.1"
    ext "^1.1.2"

es6-weak-map@^2.0.3:
  version "2.0.3"
  resolved "http://npmjs.kuaidizs.cn/es6-weak-map/-/es6-weak-map-2.0.3.tgz#b6da1f16cc2cc0d9be43e6bdbfc5e7dfcdf31d53"
  integrity sha1-ttofFswswNm+Q+a9v8Xn383zHVM=
  dependencies:
    d "1"
    es5-ext "^0.10.46"
    es6-iterator "^2.0.3"
    es6-symbol "^3.1.1"

eslint-plugin-react@^7.12.4:
  version "7.25.1"
  resolved "http://npmjs.kuaidizs.cn/eslint-plugin-react/-/eslint-plugin-react-7.25.1.tgz#9286b7cd9bf917d40309760f403e53016eda8331"
  integrity sha1-koa3zZv5F9QDCXYPQD5TAW7agzE=
  dependencies:
    array-includes "^3.1.3"
    array.prototype.flatmap "^1.2.4"
    doctrine "^2.1.0"
    estraverse "^5.2.0"
    has "^1.0.3"
    jsx-ast-utils "^2.4.1 || ^3.0.0"
    minimatch "^3.0.4"
    object.entries "^1.1.4"
    object.fromentries "^2.0.4"
    object.values "^1.1.4"
    prop-types "^15.7.2"
    resolve "^2.0.0-next.3"
    string.prototype.matchall "^4.0.5"

estraverse@^5.2.0:
  version "5.2.0"
  resolved "http://npmjs.kuaidizs.cn/estraverse/-/estraverse-5.2.0.tgz#307df42547e6cc7324d3cf03c155d5cdb8c53880"
  integrity sha1-MH30JUfmzHMk088DwVXVzbjFOIA=

esutils@^2.0.2:
  version "2.0.3"
  resolved "http://npmjs.kuaidizs.cn/esutils/-/esutils-2.0.3.tgz#74d2eb4de0b8da1293711910d50775b9b710ef64"
  integrity sha1-dNLrTeC42hKTcRkQ1Qd1ubcQ72Q=

event-emitter@^0.3.5:
  version "0.3.5"
  resolved "http://npmjs.kuaidizs.cn/event-emitter/-/event-emitter-0.3.5.tgz#df8c69eef1647923c7157b9ce83840610b02cc39"
  integrity sha1-34xp7vFkeSPHFXuc6DhAYQsCzDk=
  dependencies:
    d "1"
    es5-ext "~0.10.14"

ext@^1.1.2:
  version "1.5.0"
  resolved "http://npmjs.kuaidizs.cn/ext/-/ext-1.5.0.tgz#e93b97ae0cb23f8370380f6107d2d2b7887687ad"
  integrity sha1-6TuXrgyyP4NwOA9hB9LSt4h2h60=
  dependencies:
    type "^2.5.0"

follow-redirects@1.5.10:
  version "1.5.10"
  resolved "http://npmjs.kuaidizs.cn/follow-redirects/-/follow-redirects-1.5.10.tgz#7b7a9f9aea2fdff36786a94ff643ed07f4ff5e2a"
  integrity sha1-e3qfmuov3/NnhqlP9kPtB/T/Xio=
  dependencies:
    debug "=3.1.0"

fs.realpath@^1.0.0:
  version "1.0.0"
  resolved "http://npmjs.kuaidizs.cn/fs.realpath/-/fs.realpath-1.0.0.tgz#1504ad2523158caa40db4a2787cb01411994ea4f"
  integrity sha1-FQStJSMVjKpA20onh8sBQRmU6k8=

function-bind@^1.1.1:
  version "1.1.1"
  resolved "http://npmjs.kuaidizs.cn/function-bind/-/function-bind-1.1.1.tgz#a56899d3ea3c9bab874bb9773b7c5ede92f4895d"
  integrity sha1-pWiZ0+o8m6uHS7l3O3xe3pL0iV0=

get-intrinsic@^1.0.2, get-intrinsic@^1.1.0, get-intrinsic@^1.1.1:
  version "1.1.1"
  resolved "http://npmjs.kuaidizs.cn/get-intrinsic/-/get-intrinsic-1.1.1.tgz#15f59f376f855c446963948f0d24cd3637b4abc6"
  integrity sha1-FfWfN2+FXERpY5SPDSTNNje0q8Y=
  dependencies:
    function-bind "^1.1.1"
    has "^1.0.3"
    has-symbols "^1.0.1"

get-stdin@^8.0.0:
  version "8.0.0"
  resolved "http://npmjs.kuaidizs.cn/get-stdin/-/get-stdin-8.0.0.tgz#cbad6a73feb75f6eeb22ba9e01f89aa28aa97a53"
  integrity sha1-y61qc/63X27rIrqeAfiaooqpelM=

glob-promise@^3.4.0:
  version "3.4.0"
  resolved "http://npmjs.kuaidizs.cn/glob-promise/-/glob-promise-3.4.0.tgz#b6b8f084504216f702dc2ce8c9bc9ac8866fdb20"
  integrity sha1-trjwhFBCFvcC3CzoybyayIZv2yA=
  dependencies:
    "@types/glob" "*"

glob@^7.1.6:
  version "7.1.7"
  resolved "http://npmjs.kuaidizs.cn/glob/-/glob-7.1.7.tgz#3b193e9233f01d42d0b3f78294bbeeb418f94a90"
  integrity sha1-Oxk+kjPwHULQs/eClLvutBj5SpA=
  dependencies:
    fs.realpath "^1.0.0"
    inflight "^1.0.4"
    inherits "2"
    minimatch "^3.0.4"
    once "^1.3.0"
    path-is-absolute "^1.0.0"

has-bigints@^1.0.1:
  version "1.0.1"
  resolved "http://npmjs.kuaidizs.cn/has-bigints/-/has-bigints-1.0.1.tgz#64fe6acb020673e3b78db035a5af69aa9d07b113"
  integrity sha1-ZP5qywIGc+O3jbA1pa9pqp0HsRM=

has-symbols@^1.0.1, has-symbols@^1.0.2:
  version "1.0.2"
  resolved "http://npmjs.kuaidizs.cn/has-symbols/-/has-symbols-1.0.2.tgz#165d3070c00309752a1236a479331e3ac56f1423"
  integrity sha1-Fl0wcMADCXUqEjakeTMeOsVvFCM=

has-tostringtag@^1.0.0:
  version "1.0.0"
  resolved "http://npmjs.kuaidizs.cn/has-tostringtag/-/has-tostringtag-1.0.0.tgz#7e133818a7d394734f941e73c3d3f9291e658b25"
  integrity sha1-fhM4GKfTlHNPlB5zw9P5KR5liyU=
  dependencies:
    has-symbols "^1.0.2"

has@^1.0.3:
  version "1.0.3"
  resolved "http://npmjs.kuaidizs.cn/has/-/has-1.0.3.tgz#722d7cbfc1f6aa8241f16dd814e011e1f41e8796"
  integrity sha1-ci18v8H2qoJB8W3YFOAR4fQeh5Y=
  dependencies:
    function-bind "^1.1.1"

inflight@^1.0.4:
  version "1.0.6"
  resolved "http://npmjs.kuaidizs.cn/inflight/-/inflight-1.0.6.tgz#49bd6331d7d02d0c09bc910a1075ba8165b56df9"
  integrity sha1-Sb1jMdfQLQwJvJEKEHW6gWW1bfk=
  dependencies:
    once "^1.3.0"
    wrappy "1"

inherits@2:
  version "2.0.4"
  resolved "http://npmjs.kuaidizs.cn/inherits/-/inherits-2.0.4.tgz#0fa2c64f932917c3433a0ded55363aae37416b7c"
  integrity sha1-D6LGT5MpF8NDOg3tVTY6rjdBa3w=

internal-slot@^1.0.3:
  version "1.0.3"
  resolved "http://npmjs.kuaidizs.cn/internal-slot/-/internal-slot-1.0.3.tgz#7347e307deeea2faac2ac6205d4bc7d34967f59c"
  integrity sha1-c0fjB97uovqsKsYgXUvH00ln9Zw=
  dependencies:
    get-intrinsic "^1.1.0"
    has "^1.0.3"
    side-channel "^1.0.4"

is-bigint@^1.0.1:
  version "1.0.4"
  resolved "http://npmjs.kuaidizs.cn/is-bigint/-/is-bigint-1.0.4.tgz#08147a1875bc2b32005d41ccd8291dffc6691df3"
  integrity sha1-CBR6GHW8KzIAXUHM2Ckd/8ZpHfM=
  dependencies:
    has-bigints "^1.0.1"

is-boolean-object@^1.1.0:
  version "1.1.2"
  resolved "http://npmjs.kuaidizs.cn/is-boolean-object/-/is-boolean-object-1.1.2.tgz#5c6dc200246dd9321ae4b885a114bb1f75f63719"
  integrity sha1-XG3CACRt2TIa5LiFoRS7H3X2Nxk=
  dependencies:
    call-bind "^1.0.2"
    has-tostringtag "^1.0.0"

is-buffer@^2.0.2:
  version "2.0.5"
  resolved "http://npmjs.kuaidizs.cn/is-buffer/-/is-buffer-2.0.5.tgz#ebc252e400d22ff8d77fa09888821a24a658c191"
  integrity sha1-68JS5ADSL/jXf6CYiIIaJKZYwZE=

is-callable@^1.1.4, is-callable@^1.2.3:
  version "1.2.4"
  resolved "http://npmjs.kuaidizs.cn/is-callable/-/is-callable-1.2.4.tgz#47301d58dd0259407865547853df6d61fe471945"
  integrity sha1-RzAdWN0CWUB4ZVR4U99tYf5HGUU=

is-core-module@^2.2.0:
  version "2.6.0"
  resolved "http://npmjs.kuaidizs.cn/is-core-module/-/is-core-module-2.6.0.tgz#d7553b2526fe59b92ba3e40c8df757ec8a709e19"
  integrity sha1-11U7JSb+Wbkro+QMjfdX7Ipwnhk=
  dependencies:
    has "^1.0.3"

is-date-object@^1.0.1:
  version "1.0.5"
  resolved "http://npmjs.kuaidizs.cn/is-date-object/-/is-date-object-1.0.5.tgz#0841d5536e724c25597bf6ea62e1bd38298df31f"
  integrity sha1-CEHVU25yTCVZe/bqYuG9OCmN8x8=
  dependencies:
    has-tostringtag "^1.0.0"

is-extglob@^2.1.1:
  version "2.1.1"
  resolved "http://npmjs.kuaidizs.cn/is-extglob/-/is-extglob-2.1.1.tgz#a88c02535791f02ed37c76a1b9ea9773c833f8c2"
  integrity sha1-qIwCU1eR8C7TfHahueqXc8gz+MI=

is-glob@^4.0.1:
  version "4.0.1"
  resolved "http://npmjs.kuaidizs.cn/is-glob/-/is-glob-4.0.1.tgz#7567dbe9f2f5e2467bc77ab83c4a29482407a5dc"
  integrity sha1-dWfb6fL14kZ7x3q4PEopSCQHpdw=
  dependencies:
    is-extglob "^2.1.1"

is-negative-zero@^2.0.1:
  version "2.0.1"
  resolved "http://npmjs.kuaidizs.cn/is-negative-zero/-/is-negative-zero-2.0.1.tgz#3de746c18dda2319241a53675908d8f766f11c24"
  integrity sha1-PedGwY3aIxkkGlNnWQjY92bxHCQ=

is-number-object@^1.0.4:
  version "1.0.6"
  resolved "http://npmjs.kuaidizs.cn/is-number-object/-/is-number-object-1.0.6.tgz#6a7aaf838c7f0686a50b4553f7e54a96494e89f0"
  integrity sha1-anqvg4x/BoalC0VT9+VKlklOifA=
  dependencies:
    has-tostringtag "^1.0.0"

is-promise@^2.2.2:
  version "2.2.2"
  resolved "http://npmjs.kuaidizs.cn/is-promise/-/is-promise-2.2.2.tgz#39ab959ccbf9a774cf079f7b40c7a26f763135f1"
  integrity sha1-OauVnMv5p3TPB597QMeib3YxNfE=

is-regex@^1.1.3:
  version "1.1.4"
  resolved "http://npmjs.kuaidizs.cn/is-regex/-/is-regex-1.1.4.tgz#eef5663cd59fa4c0ae339505323df6854bb15958"
  integrity sha1-7vVmPNWfpMCuM5UFMj32hUuxWVg=
  dependencies:
    call-bind "^1.0.2"
    has-tostringtag "^1.0.0"

is-string@^1.0.5, is-string@^1.0.6:
  version "1.0.7"
  resolved "http://npmjs.kuaidizs.cn/is-string/-/is-string-1.0.7.tgz#0dd12bf2006f255bb58f695110eff7491eebc0fd"
  integrity sha1-DdEr8gBvJVu1j2lREO/3SR7rwP0=
  dependencies:
    has-tostringtag "^1.0.0"

is-symbol@^1.0.2, is-symbol@^1.0.3:
  version "1.0.4"
  resolved "http://npmjs.kuaidizs.cn/is-symbol/-/is-symbol-1.0.4.tgz#a6dac93b635b063ca6872236de88910a57af139c"
  integrity sha1-ptrJO2NbBjymhyI23oiRClevE5w=
  dependencies:
    has-symbols "^1.0.2"

"js-tokens@^3.0.0 || ^4.0.0":
  version "4.0.0"
  resolved "http://npmjs.kuaidizs.cn/js-tokens/-/js-tokens-4.0.0.tgz#19203fb59991df98e3a287050d4647cdeaf32499"
  integrity sha1-GSA/tZmR35jjoocFDUZHzerzJJk=

js-yaml@^4.1.0:
  version "4.1.0"
  resolved "http://npmjs.kuaidizs.cn/js-yaml/-/js-yaml-4.1.0.tgz#c1fb65f8f5017901cdd2c951864ba18458a10602"
  integrity sha1-wftl+PUBeQHN0slRhkuhhFihBgI=
  dependencies:
    argparse "^2.0.1"

json-schema-ref-parser@^9.0.6:
  version "9.0.9"
  resolved "http://npmjs.kuaidizs.cn/json-schema-ref-parser/-/json-schema-ref-parser-9.0.9.tgz#66ea538e7450b12af342fa3d5b8458bc1e1e013f"
  integrity sha1-ZupTjnRQsSrzQvo9W4RYvB4eAT8=
  dependencies:
    "@apidevtools/json-schema-ref-parser" "9.0.9"

json-schema-to-typescript@^10.1.4:
  version "10.1.4"
  resolved "http://npmjs.kuaidizs.cn/json-schema-to-typescript/-/json-schema-to-typescript-10.1.4.tgz#6d8ae66937d07bd054095fc4a541aa81acea3549"
  integrity sha1-bYrmaTfQe9BUCV/EpUGqgazqNUk=
  dependencies:
    "@types/json-schema" "^7.0.6"
    "@types/lodash" "^4.14.168"
    "@types/prettier" "^2.1.5"
    cli-color "^2.0.0"
    get-stdin "^8.0.0"
    glob "^7.1.6"
    glob-promise "^3.4.0"
    is-glob "^4.0.1"
    json-schema-ref-parser "^9.0.6"
    json-stringify-safe "^5.0.1"
    lodash "^4.17.20"
    minimist "^1.2.5"
    mkdirp "^1.0.4"
    mz "^2.7.0"
    prettier "^2.2.0"

json-stringify-safe@^5.0.1:
  version "5.0.1"
  resolved "http://npmjs.kuaidizs.cn/json-stringify-safe/-/json-stringify-safe-5.0.1.tgz#1296a2d58fd45f19a0f6ce01d65701e2c735b6eb"
  integrity sha1-Epai1Y/UXxmg9s4B1lcB4sc1tus=

"jsx-ast-utils@^2.4.1 || ^3.0.0":
  version "3.2.0"
  resolved "http://npmjs.kuaidizs.cn/jsx-ast-utils/-/jsx-ast-utils-3.2.0.tgz#41108d2cec408c3453c1bbe8a4aae9e1e2bd8f82"
  integrity sha1-QRCNLOxAjDRTwbvopKrp4eK9j4I=
  dependencies:
    array-includes "^3.1.2"
    object.assign "^4.1.2"

lodash@^4.17.20:
  version "4.17.21"
  resolved "http://npmjs.kuaidizs.cn/lodash/-/lodash-4.17.21.tgz#679591c564c3bffaae8454cf0b3df370c3d6911c"
  integrity sha1-Z5WRxWTDv/quhFTPCz3zcMPWkRw=

loose-envify@^1.4.0:
  version "1.4.0"
  resolved "http://npmjs.kuaidizs.cn/loose-envify/-/loose-envify-1.4.0.tgz#71ee51fa7be4caec1a63839f7e682d8132d30caf"
  integrity sha1-ce5R+nvkyuwaY4OffmgtgTLTDK8=
  dependencies:
    js-tokens "^3.0.0 || ^4.0.0"

lru-queue@^0.1.0:
  version "0.1.0"
  resolved "http://npmjs.kuaidizs.cn/lru-queue/-/lru-queue-0.1.0.tgz#2738bd9f0d3cf4f84490c5736c48699ac632cda3"
  integrity sha1-Jzi9nw089PhEkMVzbEhpmsYyzaM=
  dependencies:
    es5-ext "~0.10.2"

memoizee@^0.4.14:
  version "0.4.15"
  resolved "http://npmjs.kuaidizs.cn/memoizee/-/memoizee-0.4.15.tgz#e6f3d2da863f318d02225391829a6c5956555b72"
  integrity sha1-5vPS2oY/MY0CIlORgppsWVZVW3I=
  dependencies:
    d "^1.0.1"
    es5-ext "^0.10.53"
    es6-weak-map "^2.0.3"
    event-emitter "^0.3.5"
    is-promise "^2.2.2"
    lru-queue "^0.1.0"
    next-tick "^1.1.0"
    timers-ext "^0.1.7"

minimatch@^3.0.4:
  version "3.0.4"
  resolved "http://npmjs.kuaidizs.cn/minimatch/-/minimatch-3.0.4.tgz#5166e286457f03306064be5497e8dbb0c3d32083"
  integrity sha1-UWbihkV/AzBgZL5Ul+jbsMPTIIM=
  dependencies:
    brace-expansion "^1.1.7"

minimist@^1.2.5:
  version "1.2.5"
  resolved "http://npmjs.kuaidizs.cn/minimist/-/minimist-1.2.5.tgz#67d66014b66a6a8aaa0c083c5fd58df4e4e97602"
  integrity sha1-Z9ZgFLZqaoqqDAg8X9WN9OTpdgI=

mkdirp@^1.0.4:
  version "1.0.4"
  resolved "http://npmjs.kuaidizs.cn/mkdirp/-/mkdirp-1.0.4.tgz#3eb5ed62622756d79a5f0e2a221dfebad75c2f7e"
  integrity sha1-PrXtYmInVteaXw4qIh3+utdcL34=

ms@2.0.0:
  version "2.0.0"
  resolved "http://npmjs.kuaidizs.cn/ms/-/ms-2.0.0.tgz#5608aeadfc00be6c2901df5f9861788de0d597c8"
  integrity sha1-VgiurfwAvmwpAd9fmGF4jeDVl8g=

mz@^2.7.0:
  version "2.7.0"
  resolved "http://npmjs.kuaidizs.cn/mz/-/mz-2.7.0.tgz#95008057a56cafadc2bc63dde7f9ff6955948e32"
  integrity sha1-lQCAV6Vsr63CvGPd5/n/aVWUjjI=
  dependencies:
    any-promise "^1.0.0"
    object-assign "^4.0.1"
    thenify-all "^1.0.0"

next-tick@1, next-tick@^1.1.0:
  version "1.1.0"
  resolved "http://npmjs.kuaidizs.cn/next-tick/-/next-tick-1.1.0.tgz#1836ee30ad56d67ef281b22bd199f709449b35eb"
  integrity sha1-GDbuMK1W1n7ygbIr0Zn3CUSbNes=

next-tick@~1.0.0:
  version "1.0.0"
  resolved "http://npmjs.kuaidizs.cn/next-tick/-/next-tick-1.0.0.tgz#ca86d1fe8828169b0120208e3dc8424b9db8342c"
  integrity sha1-yobR/ogoFpsBICCOPchCS524NCw=

object-assign@^4.0.1, object-assign@^4.1.1:
  version "4.1.1"
  resolved "http://npmjs.kuaidizs.cn/object-assign/-/object-assign-4.1.1.tgz#2109adc7965887cfc05cbbd442cac8bfbb360863"
  integrity sha1-IQmtx5ZYh8/AXLvUQsrIv7s2CGM=

object-inspect@^1.11.0, object-inspect@^1.9.0:
  version "1.11.0"
  resolved "http://npmjs.kuaidizs.cn/object-inspect/-/object-inspect-1.11.0.tgz#9dceb146cedd4148a0d9e51ab88d34cf509922b1"
  integrity sha1-nc6xRs7dQUig2eUauI00z1CZIrE=

object-keys@^1.0.12, object-keys@^1.1.1:
  version "1.1.1"
  resolved "http://npmjs.kuaidizs.cn/object-keys/-/object-keys-1.1.1.tgz#1c47f272df277f3b1daf061677d9c82e2322c60e"
  integrity sha1-HEfyct8nfzsdrwYWd9nILiMixg4=

object.assign@^4.1.2:
  version "4.1.2"
  resolved "http://npmjs.kuaidizs.cn/object.assign/-/object.assign-4.1.2.tgz#0ed54a342eceb37b38ff76eb831a0e788cb63940"
  integrity sha1-DtVKNC7Os3s4/3brgxoOeIy2OUA=
  dependencies:
    call-bind "^1.0.0"
    define-properties "^1.1.3"
    has-symbols "^1.0.1"
    object-keys "^1.1.1"

object.entries@^1.1.4:
  version "1.1.4"
  resolved "http://npmjs.kuaidizs.cn/object.entries/-/object.entries-1.1.4.tgz#43ccf9a50bc5fd5b649d45ab1a579f24e088cafd"
  integrity sha1-Q8z5pQvF/VtknUWrGlefJOCIyv0=
  dependencies:
    call-bind "^1.0.2"
    define-properties "^1.1.3"
    es-abstract "^1.18.2"

object.fromentries@^2.0.4:
  version "2.0.4"
  resolved "http://npmjs.kuaidizs.cn/object.fromentries/-/object.fromentries-2.0.4.tgz#26e1ba5c4571c5c6f0890cef4473066456a120b8"
  integrity sha1-JuG6XEVxxcbwiQzvRHMGZFahILg=
  dependencies:
    call-bind "^1.0.2"
    define-properties "^1.1.3"
    es-abstract "^1.18.0-next.2"
    has "^1.0.3"

object.values@^1.1.4:
  version "1.1.4"
  resolved "http://npmjs.kuaidizs.cn/object.values/-/object.values-1.1.4.tgz#0d273762833e816b693a637d30073e7051535b30"
  integrity sha1-DSc3YoM+gWtpOmN9MAc+cFFTWzA=
  dependencies:
    call-bind "^1.0.2"
    define-properties "^1.1.3"
    es-abstract "^1.18.2"

once@^1.3.0:
  version "1.4.0"
  resolved "http://npmjs.kuaidizs.cn/once/-/once-1.4.0.tgz#583b1aa775961d4b113ac17d9c50baef9dd76bd1"
  integrity sha1-WDsap3WWHUsROsF9nFC6753Xa9E=
  dependencies:
    wrappy "1"

path-is-absolute@^1.0.0:
  version "1.0.1"
  resolved "http://npmjs.kuaidizs.cn/path-is-absolute/-/path-is-absolute-1.0.1.tgz#174b9268735534ffbc7ace6bf53a5a9e1b5c5f5f"
  integrity sha1-F0uSaHNVNP+8es5r9TpanhtcX18=

path-parse@^1.0.6:
  version "1.0.7"
  resolved "http://npmjs.kuaidizs.cn/path-parse/-/path-parse-1.0.7.tgz#fbc114b60ca42b30d9daf5858e4bd68bbedb6735"
  integrity sha1-+8EUtgykKzDZ2vWFjkvWi77bZzU=

prettier@^2.2.0:
  version "2.3.2"
  resolved "http://npmjs.kuaidizs.cn/prettier/-/prettier-2.3.2.tgz#ef280a05ec253712e486233db5c6f23441e7342d"
  integrity sha1-7ygKBewlNxLkhiM9tcbyNEHnNC0=

prop-types@^15.7.2:
  version "15.7.2"
  resolved "http://npmjs.kuaidizs.cn/prop-types/-/prop-types-15.7.2.tgz#52c41e75b8c87e72b9d9360e0206b99dcbffa6c5"
  integrity sha1-UsQedbjIfnK52TYOAga5ncv/psU=
  dependencies:
    loose-envify "^1.4.0"
    object-assign "^4.1.1"
    react-is "^16.8.1"

react-is@^16.8.1:
  version "16.13.1"
  resolved "http://npmjs.kuaidizs.cn/react-is/-/react-is-16.13.1.tgz#789729a4dc36de2999dc156dd6c1d9c18cea56a4"
  integrity sha1-eJcppNw23imZ3BVt1sHZwYzqVqQ=

regexp.prototype.flags@^1.3.1:
  version "1.3.1"
  resolved "http://npmjs.kuaidizs.cn/regexp.prototype.flags/-/regexp.prototype.flags-1.3.1.tgz#7ef352ae8d159e758c0eadca6f8fcb4eef07be26"
  integrity sha1-fvNSro0VnnWMDq3Kb4/LTu8HviY=
  dependencies:
    call-bind "^1.0.2"
    define-properties "^1.1.3"

resolve@^2.0.0-next.3:
  version "2.0.0-next.3"
  resolved "http://npmjs.kuaidizs.cn/resolve/-/resolve-2.0.0-next.3.tgz#d41016293d4a8586a39ca5d9b5f15cbea1f55e46"
  integrity sha1-1BAWKT1KhYajnKXZtfFcvqH1XkY=
  dependencies:
    is-core-module "^2.2.0"
    path-parse "^1.0.6"

side-channel@^1.0.4:
  version "1.0.4"
  resolved "http://npmjs.kuaidizs.cn/side-channel/-/side-channel-1.0.4.tgz#efce5c8fdc104ee751b25c58d4290011fa5ea2cf"
  integrity sha1-785cj9wQTudRslxY1CkAEfpeos8=
  dependencies:
    call-bind "^1.0.0"
    get-intrinsic "^1.0.2"
    object-inspect "^1.9.0"

string.prototype.matchall@^4.0.5:
  version "4.0.5"
  resolved "http://npmjs.kuaidizs.cn/string.prototype.matchall/-/string.prototype.matchall-4.0.5.tgz#59370644e1db7e4c0c045277690cf7b01203c4da"
  integrity sha1-WTcGROHbfkwMBFJ3aQz3sBIDxNo=
  dependencies:
    call-bind "^1.0.2"
    define-properties "^1.1.3"
    es-abstract "^1.18.2"
    get-intrinsic "^1.1.1"
    has-symbols "^1.0.2"
    internal-slot "^1.0.3"
    regexp.prototype.flags "^1.3.1"
    side-channel "^1.0.4"

string.prototype.trimend@^1.0.4:
  version "1.0.4"
  resolved "http://npmjs.kuaidizs.cn/string.prototype.trimend/-/string.prototype.trimend-1.0.4.tgz#e75ae90c2942c63504686c18b287b4a0b1a45f80"
  integrity sha1-51rpDClCxjUEaGwYsoe0oLGkX4A=
  dependencies:
    call-bind "^1.0.2"
    define-properties "^1.1.3"

string.prototype.trimstart@^1.0.4:
  version "1.0.4"
  resolved "http://npmjs.kuaidizs.cn/string.prototype.trimstart/-/string.prototype.trimstart-1.0.4.tgz#b36399af4ab2999b4c9c648bd7a3fb2bb26feeed"
  integrity sha1-s2OZr0qymZtMnGSL16P7K7Jv7u0=
  dependencies:
    call-bind "^1.0.2"
    define-properties "^1.1.3"

thenify-all@^1.0.0:
  version "1.6.0"
  resolved "http://npmjs.kuaidizs.cn/thenify-all/-/thenify-all-1.6.0.tgz#1a1918d402d8fc3f98fbf234db0bcc8cc10e9726"
  integrity sha1-GhkY1ALY/D+Y+/I02wvMjMEOlyY=
  dependencies:
    thenify ">= 3.1.0 < 4"

"thenify@>= 3.1.0 < 4":
  version "3.3.1"
  resolved "http://npmjs.kuaidizs.cn/thenify/-/thenify-3.3.1.tgz#8932e686a4066038a016dd9e2ca46add9838a95f"
  integrity sha1-iTLmhqQGYDigFt2eLKRq3Zg4qV8=
  dependencies:
    any-promise "^1.0.0"

timers-ext@^0.1.7:
  version "0.1.7"
  resolved "http://npmjs.kuaidizs.cn/timers-ext/-/timers-ext-0.1.7.tgz#6f57ad8578e07a3fb9f91d9387d65647555e25c6"
  integrity sha1-b1ethXjgej+5+R2Th9ZWR1VeJcY=
  dependencies:
    es5-ext "~0.10.46"
    next-tick "1"

to-camel-case@^1.0.0:
  version "1.0.0"
  resolved "http://npmjs.kuaidizs.cn/to-camel-case/-/to-camel-case-1.0.0.tgz#1a56054b2f9d696298ce66a60897322b6f423e46"
  integrity sha1-GlYFSy+daWKYzmamCJcyK29CPkY=
  dependencies:
    to-space-case "^1.0.0"

to-no-case@^1.0.0:
  version "1.0.2"
  resolved "http://npmjs.kuaidizs.cn/to-no-case/-/to-no-case-1.0.2.tgz#c722907164ef6b178132c8e69930212d1b4aa16a"
  integrity sha1-xyKQcWTvaxeBMsjmmTAhLRtKoWo=

to-space-case@^1.0.0:
  version "1.0.0"
  resolved "http://npmjs.kuaidizs.cn/to-space-case/-/to-space-case-1.0.0.tgz#b052daafb1b2b29dc770cea0163e5ec0ebc9fc17"
  integrity sha1-sFLar7Gysp3HcM6gFj5ewOvJ/Bc=
  dependencies:
    to-no-case "^1.0.0"

type@^1.0.1:
  version "1.2.0"
  resolved "http://npmjs.kuaidizs.cn/type/-/type-1.2.0.tgz#848dd7698dafa3e54a6c479e759c4bc3f18847a0"
  integrity sha1-hI3XaY2vo+VKbEeedZxLw/GIR6A=

type@^2.5.0:
  version "2.5.0"
  resolved "http://npmjs.kuaidizs.cn/type/-/type-2.5.0.tgz#0a2e78c2e77907b252abe5f298c1b01c63f0db3d"
  integrity sha1-Ci54wud5B7JSq+XymMGwHGPw2z0=

unbox-primitive@^1.0.1:
  version "1.0.1"
  resolved "http://npmjs.kuaidizs.cn/unbox-primitive/-/unbox-primitive-1.0.1.tgz#085e215625ec3162574dc8859abee78a59b14471"
  integrity sha1-CF4hViXsMWJXTciFmr7nilmxRHE=
  dependencies:
    function-bind "^1.1.1"
    has-bigints "^1.0.1"
    has-symbols "^1.0.2"
    which-boxed-primitive "^1.0.2"

which-boxed-primitive@^1.0.2:
  version "1.0.2"
  resolved "http://npmjs.kuaidizs.cn/which-boxed-primitive/-/which-boxed-primitive-1.0.2.tgz#13757bc89b209b049fe5d86430e21cf40a89a8e6"
  integrity sha1-E3V7yJsgmwSf5dhkMOIc9AqJqOY=
  dependencies:
    is-bigint "^1.0.1"
    is-boolean-object "^1.1.0"
    is-number-object "^1.0.4"
    is-string "^1.0.5"
    is-symbol "^1.0.3"

wrappy@1:
  version "1.0.2"
  resolved "http://npmjs.kuaidizs.cn/wrappy/-/wrappy-1.0.2.tgz#b5243d8f3ec1aa35f1364605bc0d1036e30ab69f"
  integrity sha1-tSQ9jz7BqjXxNkYFvA0QNuMKtp8=
